
Microsoft Visual Studio Solution File, Format Version 12.00
# Visual Studio Version 17
VisualStudioVersion = 17.7.34003.232
MinimumVisualStudioVersion = 10.0.40219.1
Project("{FAE04EC0-301F-11D3-BF4B-00C04F79EFBC}") = "CdbCalculator.API", "CdbCalculator.API\CdbCalculator.API.csproj", "{EFD37FED-F9B2-4651-981A-B3B6FB1C8591}"
EndProject
Project("{FAE04EC0-301F-11D3-BF4B-00C04F79EFBC}") = "CdbCalculator.Application", "CdbCalculator.Application\CdbCalculator.Application.csproj", "{1C0B96D6-AFB7-418C-8C34-207B5A637D05}"
EndProject
Project("{FAE04EC0-301F-11D3-BF4B-00C04F79EFBC}") = "CdbCalculator.Domain", "CdbCalculator.Domain\CdbCalculator.Domain.csproj", "{21C7490A-09CD-4647-B21A-312198F4B6F3}"
EndProject
Project("{FAE04EC0-301F-11D3-BF4B-00C04F79EFBC}") = "CdbCalculator.Infra", "CdbCalculator.Infra\CdbCalculator.Infra.csproj", "{7070BFA7-F90C-4182-B40C-259975A4FA80}"
EndProject
Project("{FAE04EC0-301F-11D3-BF4B-00C04F79EFBC}") = "CdbCalculator.TEST", "CdbCalculator.TEST\CdbCalculator.TEST.csproj", "{922058B1-05CE-463A-AAB9-356A9BB7453D}"
EndProject
Global
	GlobalSection(SolutionConfigurationPlatforms) = preSolution
		Debug|Any CPU = Debug|Any CPU
		Release|Any CPU = Release|Any CPU
	EndGlobalSection
	GlobalSection(ProjectConfigurationPlatforms) = postSolution
		{EFD37FED-F9B2-4651-981A-B3B6FB1C8591}.Debug|Any CPU.ActiveCfg = Debug|Any CPU
		{EFD37FED-F9B2-4651-981A-B3B6FB1C8591}.Debug|Any CPU.Build.0 = Debug|Any CPU
		{EFD37FED-F9B2-4651-981A-B3B6FB1C8591}.Release|Any CPU.ActiveCfg = Release|Any CPU
		{EFD37FED-F9B2-4651-981A-B3B6FB1C8591}.Release|Any CPU.Build.0 = Release|Any CPU
		{1C0B96D6-AFB7-418C-8C34-207B5A637D05}.Debug|Any CPU.ActiveCfg = Debug|Any CPU
		{1C0B96D6-AFB7-418C-8C34-207B5A637D05}.Debug|Any CPU.Build.0 = Debug|Any CPU
		{1C0B96D6-AFB7-418C-8C34-207B5A637D05}.Release|Any CPU.ActiveCfg = Release|Any CPU
		{1C0B96D6-AFB7-418C-8C34-207B5A637D05}.Release|Any CPU.Build.0 = Release|Any CPU
		{21C7490A-09CD-4647-B21A-312198F4B6F3}.Debug|Any CPU.ActiveCfg = Debug|Any CPU
		{21C7490A-09CD-4647-B21A-312198F4B6F3}.Debug|Any CPU.Build.0 = Debug|Any CPU
		{21C7490A-09CD-4647-B21A-312198F4B6F3}.Release|Any CPU.ActiveCfg = Release|Any CPU
		{21C7490A-09CD-4647-B21A-312198F4B6F3}.Release|Any CPU.Build.0 = Release|Any CPU
		{7070BFA7-F90C-4182-B40C-259975A4FA80}.Debug|Any CPU.ActiveCfg = Debug|Any CPU
		{7070BFA7-F90C-4182-B40C-259975A4FA80}.Debug|Any CPU.Build.0 = Debug|Any CPU
		{7070BFA7-F90C-4182-B40C-259975A4FA80}.Release|Any CPU.ActiveCfg = Release|Any CPU
		{7070BFA7-F90C-4182-B40C-259975A4FA80}.Release|Any CPU.Build.0 = Release|Any CPU
		{922058B1-05CE-463A-AAB9-356A9BB7453D}.Debug|Any CPU.ActiveCfg = Debug|Any CPU
		{922058B1-05CE-463A-AAB9-356A9BB7453D}.Debug|Any CPU.Build.0 = Debug|Any CPU
		{922058B1-05CE-463A-AAB9-356A9BB7453D}.Release|Any CPU.ActiveCfg = Release|Any CPU
		{922058B1-05CE-463A-AAB9-356A9BB7453D}.Release|Any CPU.Build.0 = Release|Any CPU
	EndGlobalSection
	GlobalSection(SolutionProperties) = preSolution
		HideSolutionNode = FALSE
	EndGlobalSection
	GlobalSection(ExtensibilityGlobals) = postSolution
		SolutionGuid = {B1C7705A-BF1A-40CB-B2AF-BCE2E00D719D}
	EndGlobalSection
EndGlobal
